Microsoft Visual Studio Solution File, Format Version 8.00
Project("{8BC9CEB8-8B4A-11D0-8D11-00A0C91BC942}") = "read_nexus", "read_nexus.vcproj", "{25AE080A-D363-4927-8F9A-F31F591BBD5C}"
	ProjectSection(ProjectDependencies) = postProject
	EndProjectSection
EndProject
Global
	GlobalSection(SolutionConfiguration) = preSolution
		Debug = Debug
		Release = Release
	EndGlobalSection
	GlobalSection(ProjectConfiguration) = postSolution
		{25AE080A-D363-4927-8F9A-F31F591BBD5C}.Debug.ActiveCfg = Debug|Win32
		{25AE080A-D363-4927-8F9A-F31F591BBD5C}.Debug.Build.0 = Debug|Win32
		{25AE080A-D363-4927-8F9A-F31F591BBD5C}.Release.ActiveCfg = Release|Win32
		{25AE080A-D363-4927-8F9A-F31F591BBD5C}.Release.Build.0 = Release|Win32
	EndGlobalSection
	GlobalSection(ExtensibilityGlobals) = postSolution
	EndGlobalSection
	GlobalSection(ExtensibilityAddIns) = postSolution
	EndGlobalSection
EndGlobal
