Microsoft Visual Studio Solution File, Format Version 8.00
Project("{8BC9CEB8-8B4A-11D0-8D11-00A0C91BC942}") = "read_nexus", "read_nexus\read_nexus.vcproj", "{E87946E4-61D0-4551-900F-AC34D0A86156}"
	ProjectSection(ProjectDependencies) = postProject
		{D62DAF4D-74EF-4362-94C7-7B429C0201A7} = {D62DAF4D-74EF-4362-94C7-7B429C0201A7}
	EndProjectSection
EndProject
Project("{8BC9CEB8-8B4A-11D0-8D11-00A0C91BC942}") = "libciphycas", "libciphycas\libciphycas.vcproj", "{D62DAF4D-74EF-4362-94C7-7B429C0201A7}"
	ProjectSection(ProjectDependencies) = postProject
	EndProjectSection
EndProject
Project("{8BC9CEB8-8B4A-11D0-8D11-00A0C91BC942}") = "tree_merge", "tree_merge\tree_merge.vcproj", "{A1E540D4-DF3E-4ECC-B3B0-C0812BA9EAC8}"
	ProjectSection(ProjectDependencies) = postProject
		{D62DAF4D-74EF-4362-94C7-7B429C0201A7} = {D62DAF4D-74EF-4362-94C7-7B429C0201A7}
	EndProjectSection
EndProject
Global
	GlobalSection(SolutionConfiguration) = preSolution
		Debug = Debug
		Release = Release
	EndGlobalSection
	GlobalSection(ProjectConfiguration) = postSolution
		{E87946E4-61D0-4551-900F-AC34D0A86156}.Debug.ActiveCfg = Debug|Win32
		{E87946E4-61D0-4551-900F-AC34D0A86156}.Debug.Build.0 = Debug|Win32
		{E87946E4-61D0-4551-900F-AC34D0A86156}.Release.ActiveCfg = Release|Win32
		{E87946E4-61D0-4551-900F-AC34D0A86156}.Release.Build.0 = Release|Win32
		{D62DAF4D-74EF-4362-94C7-7B429C0201A7}.Debug.ActiveCfg = Debug|Win32
		{D62DAF4D-74EF-4362-94C7-7B429C0201A7}.Debug.Build.0 = Debug|Win32
		{D62DAF4D-74EF-4362-94C7-7B429C0201A7}.Release.ActiveCfg = Release|Win32
		{D62DAF4D-74EF-4362-94C7-7B429C0201A7}.Release.Build.0 = Release|Win32
		{A1E540D4-DF3E-4ECC-B3B0-C0812BA9EAC8}.Debug.ActiveCfg = Debug|Win32
		{A1E540D4-DF3E-4ECC-B3B0-C0812BA9EAC8}.Debug.Build.0 = Debug|Win32
		{A1E540D4-DF3E-4ECC-B3B0-C0812BA9EAC8}.Release.ActiveCfg = Release|Win32
		{A1E540D4-DF3E-4ECC-B3B0-C0812BA9EAC8}.Release.Build.0 = Release|Win32
	EndGlobalSection
	GlobalSection(ExtensibilityGlobals) = postSolution
	EndGlobalSection
	GlobalSection(ExtensibilityAddIns) = postSolution
	EndGlobalSection
EndGlobal
