Microsoft Visual Studio Solution File, Format Version 8.00
Project("{8BC9CEB8-8B4A-11D0-8D11-00A0C91BC942}") = "conversions", "conversions\conversions.vcproj", "{E64BE6B5-4648-41CA-943C-20EC5F4041D8}"
	ProjectSection(ProjectDependencies) = postProject
	EndProjectSection
EndProject
Project("{8BC9CEB8-8B4A-11D0-8D11-00A0C91BC942}") = "data_matrix", "data_matrix\data_matrix.vcproj", "{4276D07D-BE49-4AC6-8BBB-C30C28E53167}"
	ProjectSection(ProjectDependencies) = postProject
	EndProjectSection
EndProject
Project("{8BC9CEB8-8B4A-11D0-8D11-00A0C91BC942}") = "likelihood", "likelihood\likelihood.vcproj", "{7236CB43-5404-475B-9DF9-08796D419A58}"
	ProjectSection(ProjectDependencies) = postProject
	EndProjectSection
EndProject
Project("{8BC9CEB8-8B4A-11D0-8D11-00A0C91BC942}") = "prob_dist", "prob_dist\prob_dist.vcproj", "{6D39CB95-6A32-4F24-8C0A-0553E8C310CA}"
	ProjectSection(ProjectDependencies) = postProject
	EndProjectSection
EndProject
Project("{8BC9CEB8-8B4A-11D0-8D11-00A0C91BC942}") = "phylogeny", "phylogeny\phylogeny.vcproj", "{38A3E6E4-E1A1-4274-902F-C0F7DC646891}"
	ProjectSection(ProjectDependencies) = postProject
	EndProjectSection
EndProject
Project("{8BC9CEB8-8B4A-11D0-8D11-00A0C91BC942}") = "read_nexus", "read_nexus\read_nexus.vcproj", "{4308AE1D-9E4B-446E-907E-539BF85267F8}"
	ProjectSection(ProjectDependencies) = postProject
	EndProjectSection
EndProject
Global
	GlobalSection(SolutionConfiguration) = preSolution
		Debug = Debug
		Release = Release
	EndGlobalSection
	GlobalSection(ProjectDependencies) = postSolution
	EndGlobalSection
	GlobalSection(ProjectConfiguration) = postSolution
		{E64BE6B5-4648-41CA-943C-20EC5F4041D8}.Debug.ActiveCfg = Debug|Win32
		{E64BE6B5-4648-41CA-943C-20EC5F4041D8}.Debug.Build.0 = Debug|Win32
		{E64BE6B5-4648-41CA-943C-20EC5F4041D8}.Release.ActiveCfg = Release|Win32
		{E64BE6B5-4648-41CA-943C-20EC5F4041D8}.Release.Build.0 = Release|Win32
		{4276D07D-BE49-4AC6-8BBB-C30C28E53167}.Debug.ActiveCfg = Debug|Win32
		{4276D07D-BE49-4AC6-8BBB-C30C28E53167}.Debug.Build.0 = Debug|Win32
		{4276D07D-BE49-4AC6-8BBB-C30C28E53167}.Release.ActiveCfg = Release|Win32
		{4276D07D-BE49-4AC6-8BBB-C30C28E53167}.Release.Build.0 = Release|Win32
		{7236CB43-5404-475B-9DF9-08796D419A58}.Debug.ActiveCfg = Debug|Win32
		{7236CB43-5404-475B-9DF9-08796D419A58}.Debug.Build.0 = Debug|Win32
		{7236CB43-5404-475B-9DF9-08796D419A58}.Release.ActiveCfg = Release|Win32
		{7236CB43-5404-475B-9DF9-08796D419A58}.Release.Build.0 = Release|Win32
		{6D39CB95-6A32-4F24-8C0A-0553E8C310CA}.Debug.ActiveCfg = Debug|Win32
		{6D39CB95-6A32-4F24-8C0A-0553E8C310CA}.Debug.Build.0 = Debug|Win32
		{6D39CB95-6A32-4F24-8C0A-0553E8C310CA}.Release.ActiveCfg = Release|Win32
		{6D39CB95-6A32-4F24-8C0A-0553E8C310CA}.Release.Build.0 = Release|Win32
		{38A3E6E4-E1A1-4274-902F-C0F7DC646891}.Debug.ActiveCfg = Debug|Win32
		{38A3E6E4-E1A1-4274-902F-C0F7DC646891}.Debug.Build.0 = Debug|Win32
		{38A3E6E4-E1A1-4274-902F-C0F7DC646891}.Release.ActiveCfg = Release|Win32
		{38A3E6E4-E1A1-4274-902F-C0F7DC646891}.Release.Build.0 = Release|Win32
		{4308AE1D-9E4B-446E-907E-539BF85267F8}.Debug.ActiveCfg = Debug|Win32
		{4308AE1D-9E4B-446E-907E-539BF85267F8}.Debug.Build.0 = Debug|Win32
		{4308AE1D-9E4B-446E-907E-539BF85267F8}.Release.ActiveCfg = Release|Win32
		{4308AE1D-9E4B-446E-907E-539BF85267F8}.Release.Build.0 = Release|Win32
	EndGlobalSection
	GlobalSection(SolutionItems) = postSolution
		readme.txt = readme.txt
	EndGlobalSection
	GlobalSection(ExtensibilityGlobals) = postSolution
	EndGlobalSection
	GlobalSection(ExtensibilityAddIns) = postSolution
	EndGlobalSection
EndGlobal
