Microsoft Visual Studio Solution File, Format Version 8.00
Project("{8BC9CEB8-8B4A-11D0-8D11-00A0C91BC942}") = "prob_dist", "..\prob_dist\VC\prob_dist.vcproj", "{25AE080A-D363-4927-8F9A-F31F591BBD5C}"
	ProjectSection(ProjectDependencies) = postProject
	EndProjectSection
EndProject
Project("{8BC9CEB8-8B4A-11D0-8D11-00A0C91BC942}") = "read_nexus", "..\read_nexus\VC\read_nexus.vcproj", "{25AE080A-D363-4927-8F9A-F31F591BBD5C}"
	ProjectSection(ProjectDependencies) = postProject
	EndProjectSection
EndProject
Project("{8BC9CEB8-8B4A-11D0-8D11-00A0C91BC942}") = "phylogeny", "..\phylogeny\VC\phylogeny.vcproj", "{25AE080A-D363-4927-8F9A-F31F591BBD5C}"
	ProjectSection(ProjectDependencies) = postProject
	EndProjectSection
EndProject
Project("{8BC9CEB8-8B4A-11D0-8D11-00A0C91BC942}") = "likelihood", "..\likelihood\VC\likelihood.vcproj", "{EA8F76DF-5381-4628-B07F-AE53F2D9DB0C}"
	ProjectSection(ProjectDependencies) = postProject
	EndProjectSection
EndProject
Project("{8BC9CEB8-8B4A-11D0-8D11-00A0C91BC942}") = "data_matrix", "..\data_matrix\VC\data_matrix.vcproj", "{EA8F76DF-5381-4628-B07F-AE53F2D9DB0C}"
	ProjectSection(ProjectDependencies) = postProject
	EndProjectSection
EndProject
Project("{8BC9CEB8-8B4A-11D0-8D11-00A0C91BC942}") = "test", "test\test.vcproj", "{C13B92F4-A091-4D5E-BC9C-C5A3B14FA0DE}"
	ProjectSection(ProjectDependencies) = postProject
	EndProjectSection
EndProject
Project("{8BC9CEB8-8B4A-11D0-8D11-00A0C91BC942}") = "conversions", "..\conversions\VC\conversions.vcproj", "{EA8F76DF-5381-4628-B07F-AE53F2D9DB0C}"
	ProjectSection(ProjectDependencies) = postProject
	EndProjectSection
EndProject
Global
	GlobalSection(SolutionConfiguration) = preSolution
		Debug = Debug
		Release = Release
		Test = Test
	EndGlobalSection
	GlobalSection(ProjectConfiguration) = postSolution
		{25AE080A-D363-4927-8F9A-F31F591BBD5C}.Debug.ActiveCfg = Debug|Win32
		{25AE080A-D363-4927-8F9A-F31F591BBD5C}.Debug.Build.0 = Debug|Win32
		{25AE080A-D363-4927-8F9A-F31F591BBD5C}.Release.ActiveCfg = Release|Win32
		{25AE080A-D363-4927-8F9A-F31F591BBD5C}.Release.Build.0 = Release|Win32
		{25AE080A-D363-4927-8F9A-F31F591BBD5C}.Test.ActiveCfg = Release|Win32
		{25AE080A-D363-4927-8F9A-F31F591BBD5C}.Debug.ActiveCfg = Debug|Win32
		{25AE080A-D363-4927-8F9A-F31F591BBD5C}.Debug.Build.0 = Debug|Win32
		{25AE080A-D363-4927-8F9A-F31F591BBD5C}.Release.ActiveCfg = Release|Win32
		{25AE080A-D363-4927-8F9A-F31F591BBD5C}.Release.Build.0 = Release|Win32
		{25AE080A-D363-4927-8F9A-F31F591BBD5C}.Test.ActiveCfg = Release|Win32
		{25AE080A-D363-4927-8F9A-F31F591BBD5C}.Debug.ActiveCfg = Debug|Win32
		{25AE080A-D363-4927-8F9A-F31F591BBD5C}.Debug.Build.0 = Debug|Win32
		{25AE080A-D363-4927-8F9A-F31F591BBD5C}.Release.ActiveCfg = Release|Win32
		{25AE080A-D363-4927-8F9A-F31F591BBD5C}.Release.Build.0 = Release|Win32
		{25AE080A-D363-4927-8F9A-F31F591BBD5C}.Test.ActiveCfg = Release|Win32
		{EA8F76DF-5381-4628-B07F-AE53F2D9DB0C}.Debug.ActiveCfg = Debug|Win32
		{EA8F76DF-5381-4628-B07F-AE53F2D9DB0C}.Debug.Build.0 = Debug|Win32
		{EA8F76DF-5381-4628-B07F-AE53F2D9DB0C}.Release.ActiveCfg = Release|Win32
		{EA8F76DF-5381-4628-B07F-AE53F2D9DB0C}.Release.Build.0 = Release|Win32
		{EA8F76DF-5381-4628-B07F-AE53F2D9DB0C}.Test.ActiveCfg = Release|Win32
		{EA8F76DF-5381-4628-B07F-AE53F2D9DB0C}.Test.Build.0 = Release|Win32
		{EA8F76DF-5381-4628-B07F-AE53F2D9DB0C}.Debug.ActiveCfg = Debug|Win32
		{EA8F76DF-5381-4628-B07F-AE53F2D9DB0C}.Debug.Build.0 = Debug|Win32
		{EA8F76DF-5381-4628-B07F-AE53F2D9DB0C}.Release.ActiveCfg = Release|Win32
		{EA8F76DF-5381-4628-B07F-AE53F2D9DB0C}.Release.Build.0 = Release|Win32
		{EA8F76DF-5381-4628-B07F-AE53F2D9DB0C}.Test.ActiveCfg = Release|Win32
		{EA8F76DF-5381-4628-B07F-AE53F2D9DB0C}.Test.Build.0 = Release|Win32
		{C13B92F4-A091-4D5E-BC9C-C5A3B14FA0DE}.Debug.ActiveCfg = Debug|Win32
		{C13B92F4-A091-4D5E-BC9C-C5A3B14FA0DE}.Release.ActiveCfg = Release|Win32
		{C13B92F4-A091-4D5E-BC9C-C5A3B14FA0DE}.Release.Build.0 = Release|Win32
		{C13B92F4-A091-4D5E-BC9C-C5A3B14FA0DE}.Test.ActiveCfg = Debug|Win32
		{C13B92F4-A091-4D5E-BC9C-C5A3B14FA0DE}.Test.Build.0 = Debug|Win32
		{EA8F76DF-5381-4628-B07F-AE53F2D9DB0C}.Debug.ActiveCfg = Debug|Win32
		{EA8F76DF-5381-4628-B07F-AE53F2D9DB0C}.Debug.Build.0 = Debug|Win32
		{EA8F76DF-5381-4628-B07F-AE53F2D9DB0C}.Release.ActiveCfg = Release|Win32
		{EA8F76DF-5381-4628-B07F-AE53F2D9DB0C}.Release.Build.0 = Release|Win32
		{EA8F76DF-5381-4628-B07F-AE53F2D9DB0C}.Test.ActiveCfg = Release|Win32
		{EA8F76DF-5381-4628-B07F-AE53F2D9DB0C}.Test.Build.0 = Release|Win32
	EndGlobalSection
	GlobalSection(ExtensibilityGlobals) = postSolution
	EndGlobalSection
	GlobalSection(ExtensibilityAddIns) = postSolution
	EndGlobalSection
EndGlobal
